
Microsoft Visual Studio Solution File, Format Version 12.00
# Visual Studio Version 16
VisualStudioVersion = 16.0.28803.202
MinimumVisualStudioVersion = 10.0.40219.1
Project("{FAE04EC0-301F-11D3-BF4B-00C04F79EFBC}") = "Bracket", "Bracket\Bracket.csproj", "{7B1BA32A-7A35-43FD-A8DD-69CA7D9DE956}"
EndProject
Global
	GlobalSection(SolutionConfigurationPlatforms) = preSolution
		Debug|Any CPU = Debug|Any CPU
		Release|Any CPU = Release|Any CPU
	EndGlobalSection
	GlobalSection(ProjectConfigurationPlatforms) = postSolution
		{7B1BA32A-7A35-43FD-A8DD-69CA7D9DE956}.Debug|Any CPU.ActiveCfg = Debug|Any CPU
		{7B1BA32A-7A35-43FD-A8DD-69CA7D9DE956}.Debug|Any CPU.Build.0 = Debug|Any CPU
		{7B1BA32A-7A35-43FD-A8DD-69CA7D9DE956}.Release|Any CPU.ActiveCfg = Release|Any CPU
		{7B1BA32A-7A35-43FD-A8DD-69CA7D9DE956}.Release|Any CPU.Build.0 = Release|Any CPU
	EndGlobalSection
	GlobalSection(SolutionProperties) = preSolution
		HideSolutionNode = FALSE
	EndGlobalSection
	GlobalSection(ExtensibilityGlobals) = postSolution
		SolutionGuid = {38BE0EA5-9511-4171-9B35-1309FDFF1FD7}
	EndGlobalSection
EndGlobal
